
Microsoft Visual Studio Solution File, Format Version 12.00
# Visual Studio 14
VisualStudioVersion = 14.0.25420.1
MinimumVisualStudioVersion = 10.0.40219.1
Project("{FAE04EC0-301F-11D3-BF4B-00C04F79EFBC}") = "INT.Service.DAL", "INT.Service.DAL\INT.Service.DAL.csproj", "{2AF6F6E0-2DD8-41B2-AC74-5662B2058488}"
EndProject
Project("{FAE04EC0-301F-11D3-BF4B-00C04F79EFBC}") = "INT.Service.BLL", "INT.Service.BLL\INT.Service.BLL.csproj", "{1F835AB0-34B7-4FD8-B1E7-A95AE7A4C5BF}"
EndProject
Project("{FAE04EC0-301F-11D3-BF4B-00C04F79EFBC}") = "INT.Service.DTO", "INT.Service.DTO\INT.Service.DTO.csproj", "{FA256BFE-51C4-4A20-BCF7-84EAD7BF935B}"
EndProject
Project("{FAE04EC0-301F-11D3-BF4B-00C04F79EFBC}") = "INT.Service.ZKemkeeper", "INT.Service.ZKemkeeper\INT.Service.ZKemkeeper.csproj", "{AFD9A292-32E5-4F99-90CC-CF235F379956}"
EndProject
Project("{FAE04EC0-301F-11D3-BF4B-00C04F79EFBC}") = "INT.Service.Host", "INT.Service.Host\INT.Service.Host.csproj", "{6CB91085-EC46-4ACE-A740-B36D91644907}"
EndProject
Project("{FAE04EC0-301F-11D3-BF4B-00C04F79EFBC}") = "INT.Service.Scheduler", "INT.Service.Scheduler\INT.Service.Scheduler.csproj", "{7402B06F-B3B9-40B4-A7C5-4D8B6FD2C21C}"
EndProject
Project("{FAE04EC0-301F-11D3-BF4B-00C04F79EFBC}") = "INT.Service.Dispatcher", "INT.Service.Dispatcher\INT.Service.Dispatcher.csproj", "{99CFC055-71D5-4667-89BC-94205A91C164}"
EndProject
Project("{FAE04EC0-301F-11D3-BF4B-00C04F79EFBC}") = "INT.Service.Handler", "INT.Service.Handler\INT.Service.Handler.csproj", "{22BA841F-9B1F-49E0-856C-D9035FCAE3E9}"
EndProject
Project("{FAE04EC0-301F-11D3-BF4B-00C04F79EFBC}") = "INT.Service.WebApp", "INT.Service.WebApp\INT.Service.WebApp.csproj", "{B06C98B8-BFE9-4F9F-A5FE-2D0A2356E5F7}"
EndProject
Global
	GlobalSection(SolutionConfigurationPlatforms) = preSolution
		Debug|Any CPU = Debug|Any CPU
		Release|Any CPU = Release|Any CPU
	EndGlobalSection
	GlobalSection(ProjectConfigurationPlatforms) = postSolution
		{2AF6F6E0-2DD8-41B2-AC74-5662B2058488}.Debug|Any CPU.ActiveCfg = Debug|Any CPU
		{2AF6F6E0-2DD8-41B2-AC74-5662B2058488}.Debug|Any CPU.Build.0 = Debug|Any CPU
		{2AF6F6E0-2DD8-41B2-AC74-5662B2058488}.Release|Any CPU.ActiveCfg = Release|Any CPU
		{2AF6F6E0-2DD8-41B2-AC74-5662B2058488}.Release|Any CPU.Build.0 = Release|Any CPU
		{1F835AB0-34B7-4FD8-B1E7-A95AE7A4C5BF}.Debug|Any CPU.ActiveCfg = Debug|Any CPU
		{1F835AB0-34B7-4FD8-B1E7-A95AE7A4C5BF}.Debug|Any CPU.Build.0 = Debug|Any CPU
		{1F835AB0-34B7-4FD8-B1E7-A95AE7A4C5BF}.Release|Any CPU.ActiveCfg = Release|Any CPU
		{1F835AB0-34B7-4FD8-B1E7-A95AE7A4C5BF}.Release|Any CPU.Build.0 = Release|Any CPU
		{FA256BFE-51C4-4A20-BCF7-84EAD7BF935B}.Debug|Any CPU.ActiveCfg = Debug|Any CPU
		{FA256BFE-51C4-4A20-BCF7-84EAD7BF935B}.Debug|Any CPU.Build.0 = Debug|Any CPU
		{FA256BFE-51C4-4A20-BCF7-84EAD7BF935B}.Release|Any CPU.ActiveCfg = Release|Any CPU
		{FA256BFE-51C4-4A20-BCF7-84EAD7BF935B}.Release|Any CPU.Build.0 = Release|Any CPU
		{AFD9A292-32E5-4F99-90CC-CF235F379956}.Debug|Any CPU.ActiveCfg = Debug|Any CPU
		{AFD9A292-32E5-4F99-90CC-CF235F379956}.Debug|Any CPU.Build.0 = Debug|Any CPU
		{AFD9A292-32E5-4F99-90CC-CF235F379956}.Release|Any CPU.ActiveCfg = Release|Any CPU
		{AFD9A292-32E5-4F99-90CC-CF235F379956}.Release|Any CPU.Build.0 = Release|Any CPU
		{6CB91085-EC46-4ACE-A740-B36D91644907}.Debug|Any CPU.ActiveCfg = Debug|Any CPU
		{6CB91085-EC46-4ACE-A740-B36D91644907}.Debug|Any CPU.Build.0 = Debug|Any CPU
		{6CB91085-EC46-4ACE-A740-B36D91644907}.Release|Any CPU.ActiveCfg = Release|Any CPU
		{6CB91085-EC46-4ACE-A740-B36D91644907}.Release|Any CPU.Build.0 = Release|Any CPU
		{7402B06F-B3B9-40B4-A7C5-4D8B6FD2C21C}.Debug|Any CPU.ActiveCfg = Debug|Any CPU
		{7402B06F-B3B9-40B4-A7C5-4D8B6FD2C21C}.Debug|Any CPU.Build.0 = Debug|Any CPU
		{7402B06F-B3B9-40B4-A7C5-4D8B6FD2C21C}.Release|Any CPU.ActiveCfg = Release|Any CPU
		{7402B06F-B3B9-40B4-A7C5-4D8B6FD2C21C}.Release|Any CPU.Build.0 = Release|Any CPU
		{99CFC055-71D5-4667-89BC-94205A91C164}.Debug|Any CPU.ActiveCfg = Debug|Any CPU
		{99CFC055-71D5-4667-89BC-94205A91C164}.Debug|Any CPU.Build.0 = Debug|Any CPU
		{99CFC055-71D5-4667-89BC-94205A91C164}.Release|Any CPU.ActiveCfg = Release|Any CPU
		{99CFC055-71D5-4667-89BC-94205A91C164}.Release|Any CPU.Build.0 = Release|Any CPU
		{22BA841F-9B1F-49E0-856C-D9035FCAE3E9}.Debug|Any CPU.ActiveCfg = Debug|Any CPU
		{22BA841F-9B1F-49E0-856C-D9035FCAE3E9}.Debug|Any CPU.Build.0 = Debug|Any CPU
		{22BA841F-9B1F-49E0-856C-D9035FCAE3E9}.Release|Any CPU.ActiveCfg = Release|Any CPU
		{22BA841F-9B1F-49E0-856C-D9035FCAE3E9}.Release|Any CPU.Build.0 = Release|Any CPU
		{B06C98B8-BFE9-4F9F-A5FE-2D0A2356E5F7}.Debug|Any CPU.ActiveCfg = Debug|Any CPU
		{B06C98B8-BFE9-4F9F-A5FE-2D0A2356E5F7}.Debug|Any CPU.Build.0 = Debug|Any CPU
		{B06C98B8-BFE9-4F9F-A5FE-2D0A2356E5F7}.Release|Any CPU.ActiveCfg = Release|Any CPU
		{B06C98B8-BFE9-4F9F-A5FE-2D0A2356E5F7}.Release|Any CPU.Build.0 = Release|Any CPU
	EndGlobalSection
	GlobalSection(SolutionProperties) = preSolution
		HideSolutionNode = FALSE
	EndGlobalSection
EndGlobal
